
Microsoft Visual Studio Solution File, Format Version 12.00
# Visual Studio 2013
VisualStudioVersion = 12.0.31101.0
MinimumVisualStudioVersion = 10.0.40219.1
Project("{FAE04EC0-301F-11D3-BF4B-00C04F79EFBC}") = "intMath", "intMath\intMath.csproj", "{045E379B-5BA8-4007-9967-6FAF8558B9E3}"
EndProject
Global
	GlobalSection(SolutionConfigurationPlatforms) = preSolution
		Debug|Any CPU = Debug|Any CPU
		Release|Any CPU = Release|Any CPU
	EndGlobalSection
	GlobalSection(ProjectConfigurationPlatforms) = postSolution
		{045E379B-5BA8-4007-9967-6FAF8558B9E3}.Debug|Any CPU.ActiveCfg = Debug|Any CPU
		{045E379B-5BA8-4007-9967-6FAF8558B9E3}.Debug|Any CPU.Build.0 = Debug|Any CPU
		{045E379B-5BA8-4007-9967-6FAF8558B9E3}.Release|Any CPU.ActiveCfg = Release|Any CPU
		{045E379B-5BA8-4007-9967-6FAF8558B9E3}.Release|Any CPU.Build.0 = Release|Any CPU
	EndGlobalSection
	GlobalSection(SolutionProperties) = preSolution
		HideSolutionNode = FALSE
	EndGlobalSection
EndGlobal
