
Microsoft Visual Studio Solution File, Format Version 12.00
# Visual Studio 2017
Project("{FAE04EC0-301F-11D3-BF4B-00C04F79EFBC}") = "testModuleMgr", "testModuleMgr.csproj", "{F1EA6965-6722-A240-FF08-561985F44F0B}"
EndProject
Global
	GlobalSection(SolutionConfigurationPlatforms) = preSolution
		Debug|Any CPU = Debug|Any CPU
		Release|Any CPU = Release|Any CPU
	EndGlobalSection
	GlobalSection(ProjectConfigurationPlatforms) = postSolution
		{F1EA6965-6722-A240-FF08-561985F44F0B}.Debug|Any CPU.ActiveCfg = Debug|Any CPU
		{F1EA6965-6722-A240-FF08-561985F44F0B}.Debug|Any CPU.Build.0 = Debug|Any CPU
		{F1EA6965-6722-A240-FF08-561985F44F0B}.Release|Any CPU.ActiveCfg = Release|Any CPU
		{F1EA6965-6722-A240-FF08-561985F44F0B}.Release|Any CPU.Build.0 = Release|Any CPU
	EndGlobalSection
	GlobalSection(SolutionProperties) = preSolution
		HideSolutionNode = FALSE
	EndGlobalSection
EndGlobal
